uuid: 9e2995dd-86c5-43c7-91db-cc9bb2a795e6
langcode: ru
status: true
dependencies:
  content:
    - 'block_content:basic:543bd3b0-c3db-493d-aae2-40d1aae6887a'
  module:
    - block_content
    - system
  theme:
    - richtan
id: akurate_dsm_block
theme: richtan
region: bottom_second
weight: 0
provider: null
plugin: 'block_content:543bd3b0-c3db-493d-aae2-40d1aae6887a'
settings:
  id: 'block_content:543bd3b0-c3db-493d-aae2-40d1aae6887a'
  label: 'Akurate DSM Block'
  provider: block_content
  label_display: '0'
  status: true
  info: ''
  view_mode: full
visibility:
  request_path:
    id: request_path
    pages: '<front>'
    negate: false
    context_mapping: {  }
