uuid: e3ceaf17-ee2b-46dd-8616-af66b039bee1
langcode: ru
status: true
dependencies:
  content:
    - 'block_content:basic:58482a77-f902-4757-a6bc-2dbd82009aad'
  module:
    - block_content
    - system
  theme:
    - richtan
id: majik_dsm_block
theme: richtan
region: bottom_forth
weight: 0
provider: null
plugin: 'block_content:58482a77-f902-4757-a6bc-2dbd82009aad'
settings:
  id: 'block_content:58482a77-f902-4757-a6bc-2dbd82009aad'
  label: 'Majik DSM Block'
  provider: block_content
  label_display: '0'
  status: true
  info: ''
  view_mode: full
visibility:
  request_path:
    id: request_path
    pages: '<front>'
    negate: false
    context_mapping: {  }
